
Microsoft Visual Studio Solution File, Format Version 12.00
# Visual Studio 14
VisualStudioVersion = 14.0.25123.0
MinimumVisualStudioVersion = 10.0.40219.1
Project("{FAE04EC0-301F-11D3-BF4B-00C04F79EFBC}") = "Events", "Events\Events.csproj", "{2FF57B14-105F-475B-AB13-F6760E29CFE6}"
EndProject
Project("{FAE04EC0-301F-11D3-BF4B-00C04F79EFBC}") = "Bunnies", "Bunnies\Bunnies.csproj", "{1E38E507-418D-466C-8772-287B1E2A530F}"
EndProject
Global
	GlobalSection(SolutionConfigurationPlatforms) = preSolution
		Debug|Any CPU = Debug|Any CPU
		Release|Any CPU = Release|Any CPU
	EndGlobalSection
	GlobalSection(ProjectConfigurationPlatforms) = postSolution
		{2FF57B14-105F-475B-AB13-F6760E29CFE6}.Debug|Any CPU.ActiveCfg = Debug|Any CPU
		{2FF57B14-105F-475B-AB13-F6760E29CFE6}.Debug|Any CPU.Build.0 = Debug|Any CPU
		{2FF57B14-105F-475B-AB13-F6760E29CFE6}.Release|Any CPU.ActiveCfg = Release|Any CPU
		{2FF57B14-105F-475B-AB13-F6760E29CFE6}.Release|Any CPU.Build.0 = Release|Any CPU
		{1E38E507-418D-466C-8772-287B1E2A530F}.Debug|Any CPU.ActiveCfg = Debug|Any CPU
		{1E38E507-418D-466C-8772-287B1E2A530F}.Debug|Any CPU.Build.0 = Debug|Any CPU
		{1E38E507-418D-466C-8772-287B1E2A530F}.Release|Any CPU.ActiveCfg = Release|Any CPU
		{1E38E507-418D-466C-8772-287B1E2A530F}.Release|Any CPU.Build.0 = Release|Any CPU
	EndGlobalSection
	GlobalSection(SolutionProperties) = preSolution
		HideSolutionNode = FALSE
	EndGlobalSection
EndGlobal
