
Microsoft Visual Studio Solution File, Format Version 12.00
# Visual Studio 15
VisualStudioVersion = 15.0.26730.16
MinimumVisualStudioVersion = 10.0.40219.1
Project("{FAE04EC0-301F-11D3-BF4B-00C04F79EFBC}") = "1.FunctionalNumeralSystem", "CSharpPractice\1.FunctionalNumeralSystem.csproj", "{CCB00333-4B83-443F-9937-0CD8C5392E85}"
EndProject
Project("{FAE04EC0-301F-11D3-BF4B-00C04F79EFBC}") = "2", "2\2.csproj", "{E7246DB0-5041-4B57-94DF-BAB1D4643F4B}"
EndProject
Project("{FAE04EC0-301F-11D3-BF4B-00C04F79EFBC}") = "4.PeshoCode", "4.PeshoCode\4.PeshoCode.csproj", "{B8C77911-E523-4F36-84EA-87E4BC26E5F5}"
EndProject
Project("{FAE04EC0-301F-11D3-BF4B-00C04F79EFBC}") = "OOP", "OOP\OOP.csproj", "{5B4CB3FB-7792-4D1C-AD8E-10AB26721F17}"
EndProject
Project("{FAE04EC0-301F-11D3-BF4B-00C04F79EFBC}") = "1.1", "1.1\1.1.csproj", "{5F066950-A8E0-4251-9460-3276F06BD9E6}"
EndProject
Global
	GlobalSection(SolutionConfigurationPlatforms) = preSolution
		Debug|Any CPU = Debug|Any CPU
		Release|Any CPU = Release|Any CPU
	EndGlobalSection
	GlobalSection(ProjectConfigurationPlatforms) = postSolution
		{CCB00333-4B83-443F-9937-0CD8C5392E85}.Debug|Any CPU.ActiveCfg = Debug|Any CPU
		{CCB00333-4B83-443F-9937-0CD8C5392E85}.Debug|Any CPU.Build.0 = Debug|Any CPU
		{CCB00333-4B83-443F-9937-0CD8C5392E85}.Release|Any CPU.ActiveCfg = Release|Any CPU
		{CCB00333-4B83-443F-9937-0CD8C5392E85}.Release|Any CPU.Build.0 = Release|Any CPU
		{E7246DB0-5041-4B57-94DF-BAB1D4643F4B}.Debug|Any CPU.ActiveCfg = Debug|Any CPU
		{E7246DB0-5041-4B57-94DF-BAB1D4643F4B}.Debug|Any CPU.Build.0 = Debug|Any CPU
		{E7246DB0-5041-4B57-94DF-BAB1D4643F4B}.Release|Any CPU.ActiveCfg = Release|Any CPU
		{E7246DB0-5041-4B57-94DF-BAB1D4643F4B}.Release|Any CPU.Build.0 = Release|Any CPU
		{B8C77911-E523-4F36-84EA-87E4BC26E5F5}.Debug|Any CPU.ActiveCfg = Debug|Any CPU
		{B8C77911-E523-4F36-84EA-87E4BC26E5F5}.Debug|Any CPU.Build.0 = Debug|Any CPU
		{B8C77911-E523-4F36-84EA-87E4BC26E5F5}.Release|Any CPU.ActiveCfg = Release|Any CPU
		{B8C77911-E523-4F36-84EA-87E4BC26E5F5}.Release|Any CPU.Build.0 = Release|Any CPU
		{5B4CB3FB-7792-4D1C-AD8E-10AB26721F17}.Debug|Any CPU.ActiveCfg = Debug|Any CPU
		{5B4CB3FB-7792-4D1C-AD8E-10AB26721F17}.Debug|Any CPU.Build.0 = Debug|Any CPU
		{5B4CB3FB-7792-4D1C-AD8E-10AB26721F17}.Release|Any CPU.ActiveCfg = Release|Any CPU
		{5B4CB3FB-7792-4D1C-AD8E-10AB26721F17}.Release|Any CPU.Build.0 = Release|Any CPU
		{5F066950-A8E0-4251-9460-3276F06BD9E6}.Debug|Any CPU.ActiveCfg = Debug|Any CPU
		{5F066950-A8E0-4251-9460-3276F06BD9E6}.Debug|Any CPU.Build.0 = Debug|Any CPU
		{5F066950-A8E0-4251-9460-3276F06BD9E6}.Release|Any CPU.ActiveCfg = Release|Any CPU
		{5F066950-A8E0-4251-9460-3276F06BD9E6}.Release|Any CPU.Build.0 = Release|Any CPU
	EndGlobalSection
	GlobalSection(SolutionProperties) = preSolution
		HideSolutionNode = FALSE
	EndGlobalSection
	GlobalSection(ExtensibilityGlobals) = postSolution
		SolutionGuid = {0E60E583-836A-4F52-BD2A-8D3A4E50B021}
	EndGlobalSection
EndGlobal
