
Microsoft Visual Studio Solution File, Format Version 12.00
# Visual Studio 14
VisualStudioVersion = 14.0.25123.0
MinimumVisualStudioVersion = 10.0.40219.1
Project("{FAE04EC0-301F-11D3-BF4B-00C04F79EFBC}") = "1.WarMachines", "1.WarMachines\1.WarMachines.csproj", "{DDCBF6C9-74AD-4F2D-AD91-FF3B2B427BCC}"
EndProject
Global
	GlobalSection(SolutionConfigurationPlatforms) = preSolution
		Debug|Any CPU = Debug|Any CPU
		Release|Any CPU = Release|Any CPU
	EndGlobalSection
	GlobalSection(ProjectConfigurationPlatforms) = postSolution
		{DDCBF6C9-74AD-4F2D-AD91-FF3B2B427BCC}.Debug|Any CPU.ActiveCfg = Debug|Any CPU
		{DDCBF6C9-74AD-4F2D-AD91-FF3B2B427BCC}.Debug|Any CPU.Build.0 = Debug|Any CPU
		{DDCBF6C9-74AD-4F2D-AD91-FF3B2B427BCC}.Release|Any CPU.ActiveCfg = Release|Any CPU
		{DDCBF6C9-74AD-4F2D-AD91-FF3B2B427BCC}.Release|Any CPU.Build.0 = Release|Any CPU
	EndGlobalSection
	GlobalSection(SolutionProperties) = preSolution
		HideSolutionNode = FALSE
	EndGlobalSection
EndGlobal
