
Microsoft Visual Studio Solution File, Format Version 12.00
# Visual Studio 2013
VisualStudioVersion = 12.0.31101.0
MinimumVisualStudioVersion = 10.0.40219.1
Project("{FAE04EC0-301F-11D3-BF4B-00C04F79EFBC}") = "1.ABC", "1.ABC\1.ABC.csproj", "{79140E10-1543-407C-AB60-CCA58BBE6E5B}"
EndProject
Project("{FAE04EC0-301F-11D3-BF4B-00C04F79EFBC}") = "2.SymbolToNumber", "2.SymbolToNumber\2.SymbolToNumber.csproj", "{92380B39-18FA-4B46-907E-A229B0C812E5}"
EndProject
Project("{FAE04EC0-301F-11D3-BF4B-00C04F79EFBC}") = "3.ConsoleApplication2", "3.ConsoleApplication2\3.ConsoleApplication2.csproj", "{D342DBF9-60C4-4EE3-852D-C639590B92EF}"
EndProject
Project("{FAE04EC0-301F-11D3-BF4B-00C04F79EFBC}") = "4.ExRugs", "4.ExRugs\4.ExRugs.csproj", "{6BF21F40-E2A4-46CF-BA5A-97F58FD35103}"
EndProject
Project("{FAE04EC0-301F-11D3-BF4B-00C04F79EFBC}") = "5.FindBits", "5.FindBits\5.FindBits.csproj", "{470796DF-F5C2-47A4-94D3-FE1B2231F8C0}"
EndProject
Global
	GlobalSection(SolutionConfigurationPlatforms) = preSolution
		Debug|Any CPU = Debug|Any CPU
		Release|Any CPU = Release|Any CPU
	EndGlobalSection
	GlobalSection(ProjectConfigurationPlatforms) = postSolution
		{79140E10-1543-407C-AB60-CCA58BBE6E5B}.Debug|Any CPU.ActiveCfg = Debug|Any CPU
		{79140E10-1543-407C-AB60-CCA58BBE6E5B}.Debug|Any CPU.Build.0 = Debug|Any CPU
		{79140E10-1543-407C-AB60-CCA58BBE6E5B}.Release|Any CPU.ActiveCfg = Release|Any CPU
		{79140E10-1543-407C-AB60-CCA58BBE6E5B}.Release|Any CPU.Build.0 = Release|Any CPU
		{92380B39-18FA-4B46-907E-A229B0C812E5}.Debug|Any CPU.ActiveCfg = Debug|Any CPU
		{92380B39-18FA-4B46-907E-A229B0C812E5}.Debug|Any CPU.Build.0 = Debug|Any CPU
		{92380B39-18FA-4B46-907E-A229B0C812E5}.Release|Any CPU.ActiveCfg = Release|Any CPU
		{92380B39-18FA-4B46-907E-A229B0C812E5}.Release|Any CPU.Build.0 = Release|Any CPU
		{D342DBF9-60C4-4EE3-852D-C639590B92EF}.Debug|Any CPU.ActiveCfg = Debug|Any CPU
		{D342DBF9-60C4-4EE3-852D-C639590B92EF}.Debug|Any CPU.Build.0 = Debug|Any CPU
		{D342DBF9-60C4-4EE3-852D-C639590B92EF}.Release|Any CPU.ActiveCfg = Release|Any CPU
		{D342DBF9-60C4-4EE3-852D-C639590B92EF}.Release|Any CPU.Build.0 = Release|Any CPU
		{6BF21F40-E2A4-46CF-BA5A-97F58FD35103}.Debug|Any CPU.ActiveCfg = Debug|Any CPU
		{6BF21F40-E2A4-46CF-BA5A-97F58FD35103}.Debug|Any CPU.Build.0 = Debug|Any CPU
		{6BF21F40-E2A4-46CF-BA5A-97F58FD35103}.Release|Any CPU.ActiveCfg = Release|Any CPU
		{6BF21F40-E2A4-46CF-BA5A-97F58FD35103}.Release|Any CPU.Build.0 = Release|Any CPU
		{470796DF-F5C2-47A4-94D3-FE1B2231F8C0}.Debug|Any CPU.ActiveCfg = Debug|Any CPU
		{470796DF-F5C2-47A4-94D3-FE1B2231F8C0}.Debug|Any CPU.Build.0 = Debug|Any CPU
		{470796DF-F5C2-47A4-94D3-FE1B2231F8C0}.Release|Any CPU.ActiveCfg = Release|Any CPU
		{470796DF-F5C2-47A4-94D3-FE1B2231F8C0}.Release|Any CPU.Build.0 = Release|Any CPU
	EndGlobalSection
	GlobalSection(SolutionProperties) = preSolution
		HideSolutionNode = FALSE
	EndGlobalSection
EndGlobal
